
Microsoft Visual Studio Solution File, Format Version 12.00
Project("{FAE04EC0-301F-11D3-BF4B-00C04F79EFBC}") = "StarBreaker.Cli", "StarBreaker.Cli\StarBreaker.Cli.csproj", "{E8AE8FAF-A4FE-45FA-8222-CCDEBAF90127}"
EndProject
Project("{FAE04EC0-301F-11D3-BF4B-00C04F79EFBC}") = "StarBreaker.Forge", "StarBreaker.Forge\StarBreaker.Forge.csproj", "{4E800EFE-B681-4113-AF5D-BE54888F279B}"
EndProject
Project("{2150E333-8FDC-42A3-9474-1A3956D46DE8}") = "Solution Items", "Solution Items", "{3AFABC6F-7439-47C3-B4CE-5C3FA7B1E61F}"
	ProjectSection(SolutionItems) = preProject
		README.md = README.md
	EndProjectSection
EndProject
Project("{FAE04EC0-301F-11D3-BF4B-00C04F79EFBC}") = "StarBreaker.P4k", "StarBreaker.P4k\StarBreaker.P4k.csproj", "{CEACF698-242B-462F-99FC-28C9A22D49DD}"
EndProject
Project("{FAE04EC0-301F-11D3-BF4B-00C04F79EFBC}") = "StarBreaker", "StarBreaker\StarBreaker.csproj", "{0239878F-4D59-4D78-994B-3DFA2EAD6F1F}"
EndProject
Project("{FAE04EC0-301F-11D3-BF4B-00C04F79EFBC}") = "StarBreaker.Profile", "StarBreaker.Profile\StarBreaker.Profile.csproj", "{D01E3529-ED27-4C75-8216-AEAC5EF57E51}"
EndProject
Project("{FAE04EC0-301F-11D3-BF4B-00C04F79EFBC}") = "StarBreaker.CryXmlB", "StarBreaker.CryXmlB\StarBreaker.CryXmlB.csproj", "{29C38FEE-1F92-454E-B98E-D1F7764E582F}"
EndProject
Project("{FAE04EC0-301F-11D3-BF4B-00C04F79EFBC}") = "StarBreaker.CryChunkFile", "StarBreaker.CryChunkFile\StarBreaker.CryChunkFile.csproj", "{A5BEAF62-F530-43C7-A8BE-AA81F1BFC9B6}"
EndProject
Project("{FAE04EC0-301F-11D3-BF4B-00C04F79EFBC}") = "StarBreaker.Tests", "StarBreaker.Tests\StarBreaker.Tests.csproj", "{E0694C78-122F-48D8-9FFE-AD31BE5FD68A}"
EndProject
Project("{FAE04EC0-301F-11D3-BF4B-00C04F79EFBC}") = "StarBreaker.Common", "StarBreaker.Common\StarBreaker.Common.csproj", "{17A42B11-C080-4460-A854-756393860A66}"
EndProject
Global
	GlobalSection(SolutionConfigurationPlatforms) = preSolution
		Debug|Any CPU = Debug|Any CPU
		Release|Any CPU = Release|Any CPU
	EndGlobalSection
	GlobalSection(ProjectConfigurationPlatforms) = postSolution
		{E8AE8FAF-A4FE-45FA-8222-CCDEBAF90127}.Debug|Any CPU.ActiveCfg = Debug|Any CPU
		{E8AE8FAF-A4FE-45FA-8222-CCDEBAF90127}.Debug|Any CPU.Build.0 = Debug|Any CPU
		{E8AE8FAF-A4FE-45FA-8222-CCDEBAF90127}.Release|Any CPU.ActiveCfg = Release|Any CPU
		{E8AE8FAF-A4FE-45FA-8222-CCDEBAF90127}.Release|Any CPU.Build.0 = Release|Any CPU
		{4E800EFE-B681-4113-AF5D-BE54888F279B}.Debug|Any CPU.ActiveCfg = Debug|Any CPU
		{4E800EFE-B681-4113-AF5D-BE54888F279B}.Debug|Any CPU.Build.0 = Debug|Any CPU
		{4E800EFE-B681-4113-AF5D-BE54888F279B}.Release|Any CPU.ActiveCfg = Release|Any CPU
		{4E800EFE-B681-4113-AF5D-BE54888F279B}.Release|Any CPU.Build.0 = Release|Any CPU
		{CEACF698-242B-462F-99FC-28C9A22D49DD}.Debug|Any CPU.ActiveCfg = Debug|Any CPU
		{CEACF698-242B-462F-99FC-28C9A22D49DD}.Debug|Any CPU.Build.0 = Debug|Any CPU
		{CEACF698-242B-462F-99FC-28C9A22D49DD}.Release|Any CPU.ActiveCfg = Release|Any CPU
		{CEACF698-242B-462F-99FC-28C9A22D49DD}.Release|Any CPU.Build.0 = Release|Any CPU
		{0239878F-4D59-4D78-994B-3DFA2EAD6F1F}.Debug|Any CPU.ActiveCfg = Debug|Any CPU
		{0239878F-4D59-4D78-994B-3DFA2EAD6F1F}.Debug|Any CPU.Build.0 = Debug|Any CPU
		{0239878F-4D59-4D78-994B-3DFA2EAD6F1F}.Release|Any CPU.ActiveCfg = Release|Any CPU
		{0239878F-4D59-4D78-994B-3DFA2EAD6F1F}.Release|Any CPU.Build.0 = Release|Any CPU
		{D01E3529-ED27-4C75-8216-AEAC5EF57E51}.Debug|Any CPU.ActiveCfg = Debug|Any CPU
		{D01E3529-ED27-4C75-8216-AEAC5EF57E51}.Debug|Any CPU.Build.0 = Debug|Any CPU
		{D01E3529-ED27-4C75-8216-AEAC5EF57E51}.Release|Any CPU.ActiveCfg = Release|Any CPU
		{D01E3529-ED27-4C75-8216-AEAC5EF57E51}.Release|Any CPU.Build.0 = Release|Any CPU
		{29C38FEE-1F92-454E-B98E-D1F7764E582F}.Debug|Any CPU.ActiveCfg = Debug|Any CPU
		{29C38FEE-1F92-454E-B98E-D1F7764E582F}.Debug|Any CPU.Build.0 = Debug|Any CPU
		{29C38FEE-1F92-454E-B98E-D1F7764E582F}.Release|Any CPU.ActiveCfg = Release|Any CPU
		{29C38FEE-1F92-454E-B98E-D1F7764E582F}.Release|Any CPU.Build.0 = Release|Any CPU
		{A5BEAF62-F530-43C7-A8BE-AA81F1BFC9B6}.Debug|Any CPU.ActiveCfg = Debug|Any CPU
		{A5BEAF62-F530-43C7-A8BE-AA81F1BFC9B6}.Debug|Any CPU.Build.0 = Debug|Any CPU
		{A5BEAF62-F530-43C7-A8BE-AA81F1BFC9B6}.Release|Any CPU.ActiveCfg = Release|Any CPU
		{A5BEAF62-F530-43C7-A8BE-AA81F1BFC9B6}.Release|Any CPU.Build.0 = Release|Any CPU
		{E0694C78-122F-48D8-9FFE-AD31BE5FD68A}.Debug|Any CPU.ActiveCfg = Debug|Any CPU
		{E0694C78-122F-48D8-9FFE-AD31BE5FD68A}.Debug|Any CPU.Build.0 = Debug|Any CPU
		{E0694C78-122F-48D8-9FFE-AD31BE5FD68A}.Release|Any CPU.ActiveCfg = Release|Any CPU
		{E0694C78-122F-48D8-9FFE-AD31BE5FD68A}.Release|Any CPU.Build.0 = Release|Any CPU
		{17A42B11-C080-4460-A854-756393860A66}.Debug|Any CPU.ActiveCfg = Debug|Any CPU
		{17A42B11-C080-4460-A854-756393860A66}.Debug|Any CPU.Build.0 = Debug|Any CPU
		{17A42B11-C080-4460-A854-756393860A66}.Release|Any CPU.ActiveCfg = Release|Any CPU
		{17A42B11-C080-4460-A854-756393860A66}.Release|Any CPU.Build.0 = Release|Any CPU
	EndGlobalSection
EndGlobal
