
Microsoft Visual Studio Solution File, Format Version 12.00
Project("{FAE04EC0-301F-11D3-BF4B-00C04F79EFBC}") = "StarBreaker", "StarBreaker\StarBreaker.csproj", "{E8AE8FAF-A4FE-45FA-8222-CCDEBAF90127}"
EndProject
Project("{FAE04EC0-301F-11D3-BF4B-00C04F79EFBC}") = "StarBreaker.Forge", "StarBreaker.Forge\StarBreaker.Forge.csproj", "{4E800EFE-B681-4113-AF5D-BE54888F279B}"
EndProject
Global
	GlobalSection(SolutionConfigurationPlatforms) = preSolution
		Debug|Any CPU = Debug|Any CPU
		Release|Any CPU = Release|Any CPU
	EndGlobalSection
	GlobalSection(ProjectConfigurationPlatforms) = postSolution
		{E8AE8FAF-A4FE-45FA-8222-CCDEBAF90127}.Debug|Any CPU.ActiveCfg = Debug|Any CPU
		{E8AE8FAF-A4FE-45FA-8222-CCDEBAF90127}.Debug|Any CPU.Build.0 = Debug|Any CPU
		{E8AE8FAF-A4FE-45FA-8222-CCDEBAF90127}.Release|Any CPU.ActiveCfg = Release|Any CPU
		{E8AE8FAF-A4FE-45FA-8222-CCDEBAF90127}.Release|Any CPU.Build.0 = Release|Any CPU
		{4E800EFE-B681-4113-AF5D-BE54888F279B}.Debug|Any CPU.ActiveCfg = Debug|Any CPU
		{4E800EFE-B681-4113-AF5D-BE54888F279B}.Debug|Any CPU.Build.0 = Debug|Any CPU
		{4E800EFE-B681-4113-AF5D-BE54888F279B}.Release|Any CPU.ActiveCfg = Release|Any CPU
		{4E800EFE-B681-4113-AF5D-BE54888F279B}.Release|Any CPU.Build.0 = Release|Any CPU
	EndGlobalSection
EndGlobal
