{
  "version": 1,
  "dependencies": {
    "net9.0": {
      "CliFx": {
        "type": "Direct",
        "requested": "[2.3.5, )",
        "resolved": "2.3.5",
        "contentHash": "WaZDt7FC1ViEzS5m7w7lOWT/aluZ28fFkPcRdkQ+7DowqjTmr5YZswNIDqSuBDaeGXPe8VzTZKMltKrXhIOt9Q=="
      },
      "Microsoft.DotNet.ILCompiler": {
        "type": "Direct",
        "requested": "[9.0.0, )",
        "resolved": "9.0.0",
        "contentHash": "bbnlV2PbUmCQ8Ndpx0kJaicLyV28IU+4IzyctQLL57+DxrHurYr2qsJrC8+yD44Q0DyPfv2oM168c1Tk6Bxbmg=="
      },
      "Microsoft.NET.ILLink.Tasks": {
        "type": "Direct",
        "requested": "[9.0.0, )",
        "resolved": "9.0.0",
        "contentHash": "zAwp213evC3UkimtVXRb+Dlgc/40QG145nmZDtp2LO9zJJMfrp+i/87BnXN7tRXEA4liyzdFkjqG1HE8/RPb4A=="
      },
      "Google.Protobuf": {
        "type": "Transitive",
        "resolved": "3.29.2",
        "contentHash": "98gc5v6WTfvfo6nXXUFyXOwwfehUGVn4tIis3AnCZabur8t6Eq0lo4eloWEYpdxPH9MrhnbAzHcMwPCS8lCWoQ=="
      },
      "Grpc.Core.Api": {
        "type": "Transitive",
        "resolved": "2.67.0",
        "contentHash": "cL1/2f8kc8lsAGNdfCU25deedXVehhLA6GXKLLN4hAWx16XN7BmjYn3gFU+FBpir5yJynvDTHEypr3Tl0j7x/Q=="
      },
      "Grpc.Reflection": {
        "type": "Transitive",
        "resolved": "2.67.0",
        "contentHash": "/3a3FIZzcpT6uC08j+JfA41UMSXKpPnxAZh7yv+6r6MLDXlDj08DWrLkFv8FEVFSxT/1QYpD8r81JJYWhCUIRg==",
        "dependencies": {
          "Google.Protobuf": "3.27.0",
          "Grpc.Core.Api": "2.67.0"
        }
      },
      "System.Threading.Channels": {
        "type": "Transitive",
        "resolved": "9.0.0",
        "contentHash": "hzACdIf1C+4Dqos5ijV404b94+LqfIC8nfS3mNpCDFWowb1N3PNfJPopneq32ahWlDeyaPZJqjBk76YFR69Rpg=="
      },
      "ZstdSharp.Port": {
        "type": "Transitive",
        "resolved": "0.8.4",
        "contentHash": "eieSXq3kakCUXbgdxkKaRqWS6hF0KBJcqok9LlDCs60GOyrynLvPOcQ0pRw7shdPF7lh/VepJ9cP9n9HHc759g=="
      },
      "starbreaker.chf": {
        "type": "Project",
        "dependencies": {
          "StarBreaker.Common": "[1.0.0, )",
          "ZstdSharp.Port": "[0.8.4, )"
        }
      },
      "starbreaker.common": {
        "type": "Project"
      },
      "starbreaker.cryxmlb": {
        "type": "Project",
        "dependencies": {
          "StarBreaker.Common": "[1.0.0, )"
        }
      },
      "starbreaker.datacore": {
        "type": "Project",
        "dependencies": {
          "StarBreaker.Common": "[1.0.0, )"
        }
      },
      "starbreaker.filesystem": {
        "type": "Project"
      },
      "starbreaker.p4k": {
        "type": "Project",
        "dependencies": {
          "StarBreaker.Common": "[1.0.0, )",
          "StarBreaker.CryXmlB": "[1.0.0, )",
          "StarBreaker.FileSystem": "[1.0.0, )",
          "System.Threading.Channels": "[9.0.0, )",
          "ZstdSharp.Port": "[0.8.4, )"
        }
      },
      "starbreaker.protobuf": {
        "type": "Project",
        "dependencies": {
          "Google.Protobuf": "[3.29.2, )",
          "Grpc.Reflection": "[2.67.0, )",
          "StarBreaker.Common": "[1.0.0, )"
        }
      }
    }
  }
}