{
  "version": 1,
  "dependencies": {
    "net9.0": {
      "Google.Protobuf": {
        "type": "Direct",
        "requested": "[3.29.2, )",
        "resolved": "3.29.2",
        "contentHash": "98gc5v6WTfvfo6nXXUFyXOwwfehUGVn4tIis3AnCZabur8t6Eq0lo4eloWEYpdxPH9MrhnbAzHcMwPCS8lCWoQ=="
      },
      "Grpc.Reflection": {
        "type": "Direct",
        "requested": "[2.67.0, )",
        "resolved": "2.67.0",
        "contentHash": "/3a3FIZzcpT6uC08j+JfA41UMSXKpPnxAZh7yv+6r6MLDXlDj08DWrLkFv8FEVFSxT/1QYpD8r81JJYWhCUIRg==",
        "dependencies": {
          "Google.Protobuf": "3.27.0",
          "Grpc.Core.Api": "2.67.0"
        }
      },
      "Microsoft.NET.ILLink.Tasks": {
        "type": "Direct",
        "requested": "[9.0.0, )",
        "resolved": "9.0.0",
        "contentHash": "zAwp213evC3UkimtVXRb+Dlgc/40QG145nmZDtp2LO9zJJMfrp+i/87BnXN7tRXEA4liyzdFkjqG1HE8/RPb4A=="
      },
      "Grpc.Core.Api": {
        "type": "Transitive",
        "resolved": "2.67.0",
        "contentHash": "cL1/2f8kc8lsAGNdfCU25deedXVehhLA6GXKLLN4hAWx16XN7BmjYn3gFU+FBpir5yJynvDTHEypr3Tl0j7x/Q=="
      },
      "starbreaker.common": {
        "type": "Project"
      }
    }
  }
}