{
  "version": 1,
  "dependencies": {
    "net9.0": {
      "Avalonia": {
        "type": "Direct",
        "requested": "[11.2.3, )",
        "resolved": "11.2.3",
        "contentHash": "pD6woFAUfGcyEvMmrpctntU4jv4fT8752pfx1J5iRORVX3Ob0oQi8PWo0TXVaAJZiSfH0cdKTeKx0w0DzD0/mg==",
        "dependencies": {
          "Avalonia.BuildServices": "0.0.29",
          "Avalonia.Remote.Protocol": "11.2.3",
          "MicroCom.Runtime": "0.11.0"
        }
      },
      "Avalonia.AvaloniaEdit": {
        "type": "Direct",
        "requested": "[11.1.0, )",
        "resolved": "11.1.0",
        "contentHash": "2s0bkZIviwb++fyD2S6GkX1dTsv2e3yJX5GvJKG4+R5KDcJpRtwOkH4GX1dvOL+eX35tPgmrDmrhBKCk/ezOBw==",
        "dependencies": {
          "Avalonia": "11.0.0"
        }
      },
      "Avalonia.Controls.TreeDataGrid": {
        "type": "Direct",
        "requested": "[11.1.0, )",
        "resolved": "11.1.0",
        "contentHash": "GfSvNy+8spTynyA2x86XCZGTMzm0kMIoZrBuqbFzuFL87PA6zXg3LCQ1RD6nKqPO6c4jQacgaX9a7ld9rBLdPA==",
        "dependencies": {
          "Avalonia": "11.0.0",
          "System.Reactive": "5.0.0"
        }
      },
      "Avalonia.Desktop": {
        "type": "Direct",
        "requested": "[11.2.3, )",
        "resolved": "11.2.3",
        "contentHash": "dX3zfgWplLqcgwQJLeC2ciqxE/GM3iw9HUNI22c8KgAAWMWl52NWCmjW228EPZG+4YbHwq8T40YARO2aQF+yqA==",
        "dependencies": {
          "Avalonia": "11.2.3",
          "Avalonia.Native": "11.2.3",
          "Avalonia.Skia": "11.2.3",
          "Avalonia.Win32": "11.2.3",
          "Avalonia.X11": "11.2.3"
        }
      },
      "AvaloniaEdit.TextMate": {
        "type": "Direct",
        "requested": "[11.1.0, )",
        "resolved": "11.1.0",
        "contentHash": "fxrhvXqgOEjMWtQzDfKvjO3xmCa4t7XIoP6uWwaDOgMRn3A56LUSHJb1JW1e91JgYRP01G+64s+C3tmMMVrKYg==",
        "dependencies": {
          "Avalonia": "11.0.0",
          "Avalonia.AvaloniaEdit": "11.1.0",
          "TextMateSharp": "1.0.59",
          "TextMateSharp.Grammars": "1.0.59"
        }
      },
      "AvaloniaEdit.TextMate.Grammars": {
        "type": "Direct",
        "requested": "[0.10.12.1, )",
        "resolved": "0.10.12.1",
        "contentHash": "R4d39055CPT55Kg/dFZFxPryOS/GagcNrm+Jizs86J1NeqQ72aj6NTPASzVu/FObD2hsiKaCOBIT4BwqEuWJOA==",
        "dependencies": {
          "Newtonsoft.Json": "13.0.1",
          "TextMateSharp": "1.0.23"
        }
      },
      "AvaloniaHex": {
        "type": "Direct",
        "requested": "[0.1.6, )",
        "resolved": "0.1.6",
        "contentHash": "I3ZG+HLPBgpsz5YUjK29MP8xfIWkGGgdoKz5GKQ2UxIkrq1XZxIAlM2bVdTZYkIgx4wxVMXLZcPrGQ9yDGpmSQ==",
        "dependencies": {
          "Avalonia": "11.2.0"
        }
      },
      "CommunityToolkit.Mvvm": {
        "type": "Direct",
        "requested": "[8.4.0, )",
        "resolved": "8.4.0",
        "contentHash": "tqVU8yc/ADO9oiTRyTnwhFN68hCwvkliMierptWOudIAvWY1mWCh5VFh+guwHJmpMwfg0J0rY+yyd5Oy7ty9Uw=="
      },
      "FluentAvaloniaUI": {
        "type": "Direct",
        "requested": "[2.2.0, )",
        "resolved": "2.2.0",
        "contentHash": "OlDwcLmrgylcIH2G0mwgveeGeSvB/W1aaLj1Ts86QKeOdzRRQSc17F/hQ6rwA8AdJkwe0PVovIZUG45tlMp11Q==",
        "dependencies": {
          "Avalonia": "11.1.0",
          "Avalonia.Controls.ColorPicker": "11.1.0",
          "Avalonia.Controls.DataGrid": "11.1.0",
          "Avalonia.Skia": "11.1.0",
          "MicroCom.Runtime": "0.11.0"
        }
      },
      "Humanizer": {
        "type": "Direct",
        "requested": "[2.14.1, )",
        "resolved": "2.14.1",
        "contentHash": "/FUTD3cEceAAmJSCPN9+J+VhGwmL/C12jvwlyM1DFXShEMsBzvLzLqSrJ2rb+k/W2znKw7JyflZgZpyE+tI7lA==",
        "dependencies": {
          "Humanizer.Core.af": "2.14.1",
          "Humanizer.Core.ar": "2.14.1",
          "Humanizer.Core.az": "2.14.1",
          "Humanizer.Core.bg": "2.14.1",
          "Humanizer.Core.bn-BD": "2.14.1",
          "Humanizer.Core.cs": "2.14.1",
          "Humanizer.Core.da": "2.14.1",
          "Humanizer.Core.de": "2.14.1",
          "Humanizer.Core.el": "2.14.1",
          "Humanizer.Core.es": "2.14.1",
          "Humanizer.Core.fa": "2.14.1",
          "Humanizer.Core.fi-FI": "2.14.1",
          "Humanizer.Core.fr": "2.14.1",
          "Humanizer.Core.fr-BE": "2.14.1",
          "Humanizer.Core.he": "2.14.1",
          "Humanizer.Core.hr": "2.14.1",
          "Humanizer.Core.hu": "2.14.1",
          "Humanizer.Core.hy": "2.14.1",
          "Humanizer.Core.id": "2.14.1",
          "Humanizer.Core.is": "2.14.1",
          "Humanizer.Core.it": "2.14.1",
          "Humanizer.Core.ja": "2.14.1",
          "Humanizer.Core.ko-KR": "2.14.1",
          "Humanizer.Core.ku": "2.14.1",
          "Humanizer.Core.lv": "2.14.1",
          "Humanizer.Core.ms-MY": "2.14.1",
          "Humanizer.Core.mt": "2.14.1",
          "Humanizer.Core.nb": "2.14.1",
          "Humanizer.Core.nb-NO": "2.14.1",
          "Humanizer.Core.nl": "2.14.1",
          "Humanizer.Core.pl": "2.14.1",
          "Humanizer.Core.pt": "2.14.1",
          "Humanizer.Core.ro": "2.14.1",
          "Humanizer.Core.ru": "2.14.1",
          "Humanizer.Core.sk": "2.14.1",
          "Humanizer.Core.sl": "2.14.1",
          "Humanizer.Core.sr": "2.14.1",
          "Humanizer.Core.sr-Latn": "2.14.1",
          "Humanizer.Core.sv": "2.14.1",
          "Humanizer.Core.th-TH": "2.14.1",
          "Humanizer.Core.tr": "2.14.1",
          "Humanizer.Core.uk": "2.14.1",
          "Humanizer.Core.uz-Cyrl-UZ": "2.14.1",
          "Humanizer.Core.uz-Latn-UZ": "2.14.1",
          "Humanizer.Core.vi": "2.14.1",
          "Humanizer.Core.zh-CN": "2.14.1",
          "Humanizer.Core.zh-Hans": "2.14.1",
          "Humanizer.Core.zh-Hant": "2.14.1"
        }
      },
      "Microsoft.DotNet.ILCompiler": {
        "type": "Direct",
        "requested": "[9.0.0, )",
        "resolved": "9.0.0",
        "contentHash": "bbnlV2PbUmCQ8Ndpx0kJaicLyV28IU+4IzyctQLL57+DxrHurYr2qsJrC8+yD44Q0DyPfv2oM168c1Tk6Bxbmg=="
      },
      "Microsoft.Extensions.DependencyInjection": {
        "type": "Direct",
        "requested": "[9.0.0, )",
        "resolved": "9.0.0",
        "contentHash": "MCPrg7v3QgNMr0vX4vzRXvkNGgLg8vKWX0nKCWUxu2uPyMsaRgiRc1tHBnbTcfJMhMKj2slE/j2M9oGkd25DNw==",
        "dependencies": {
          "Microsoft.Extensions.DependencyInjection.Abstractions": "9.0.0"
        }
      },
      "Microsoft.Extensions.Logging": {
        "type": "Direct",
        "requested": "[9.0.0, )",
        "resolved": "9.0.0",
        "contentHash": "crjWyORoug0kK7RSNJBTeSE6VX8IQgLf3nUpTB9m62bPXp/tzbnOsnbe8TXEG0AASNaKZddnpHKw7fET8E++Pg==",
        "dependencies": {
          "Microsoft.Extensions.DependencyInjection": "9.0.0",
          "Microsoft.Extensions.Logging.Abstractions": "9.0.0",
          "Microsoft.Extensions.Options": "9.0.0"
        }
      },
      "Microsoft.Extensions.Logging.Console": {
        "type": "Direct",
        "requested": "[9.0.0, )",
        "resolved": "9.0.0",
        "contentHash": "yDZ4zsjl7N0K+R/1QTNpXBd79Kaf4qNLHtjk4NaG82UtNg2Z6etJywwv6OarOv3Rp7ocU7uIaRY4CrzHRO/d3w==",
        "dependencies": {
          "Microsoft.Extensions.DependencyInjection.Abstractions": "9.0.0",
          "Microsoft.Extensions.Logging": "9.0.0",
          "Microsoft.Extensions.Logging.Abstractions": "9.0.0",
          "Microsoft.Extensions.Logging.Configuration": "9.0.0",
          "Microsoft.Extensions.Options": "9.0.0"
        }
      },
      "Microsoft.Extensions.Logging.Debug": {
        "type": "Direct",
        "requested": "[9.0.0, )",
        "resolved": "9.0.0",
        "contentHash": "4wGlHsrLhYjLw4sFkfRixu2w4DK7dv60OjbvgbLGhUJk0eUPxYHhnszZ/P18nnAkfrPryvtOJ3ZTVev0kpqM6A==",
        "dependencies": {
          "Microsoft.Extensions.DependencyInjection.Abstractions": "9.0.0",
          "Microsoft.Extensions.Logging": "9.0.0",
          "Microsoft.Extensions.Logging.Abstractions": "9.0.0"
        }
      },
      "Microsoft.NET.ILLink.Tasks": {
        "type": "Direct",
        "requested": "[9.0.0, )",
        "resolved": "9.0.0",
        "contentHash": "zAwp213evC3UkimtVXRb+Dlgc/40QG145nmZDtp2LO9zJJMfrp+i/87BnXN7tRXEA4liyzdFkjqG1HE8/RPb4A=="
      },
      "Pfim": {
        "type": "Direct",
        "requested": "[0.11.3, )",
        "resolved": "0.11.3",
        "contentHash": "UNVStuGHVIGyBlQaLX8VY6KpzZm/pG2zpV8ewNSXNFKFVPn8dLQKJITfps3lwUMzwTL+Do7RrMUvgQ1ZsPTu4w=="
      },
      "Avalonia.Angle.Windows.Natives": {
        "type": "Transitive",
        "resolved": "2.1.22045.20230930",
        "contentHash": "Bo3qOhKC1b84BIhiogndMdAzB3UrrESKK7hS769f5HWeoMw/pcd42US5KFYW2JJ4ZSTrXnP8mXwLTMzh+S+9Lg=="
      },
      "Avalonia.BuildServices": {
        "type": "Transitive",
        "resolved": "0.0.29",
        "contentHash": "U4eJLQdoDNHXtEba7MZUCwrBErBTxFp6sUewXBOdAhU0Kwzwaa/EKFcYm8kpcysjzKtfB4S0S9n0uxKZFz/ikw=="
      },
      "Avalonia.Controls.ColorPicker": {
        "type": "Transitive",
        "resolved": "11.1.0",
        "contentHash": "g0y7izkcrE/HlzyzymRCvKIh0PRMlsjd4wyAV1/8GkiK2KXRbiJkcUzU6JlnOml+5FSzurAKoFyuK16zEORqzg==",
        "dependencies": {
          "Avalonia": "11.1.0",
          "Avalonia.Remote.Protocol": "11.1.0"
        }
      },
      "Avalonia.Controls.DataGrid": {
        "type": "Transitive",
        "resolved": "11.1.0",
        "contentHash": "0EcjyIzQ2USDkabhi8A06JLZYc0DEvc7SYvGZ+y8pb6zAH9b3CYTm8U2o06pZ7JxX5bmopjbykcleCoPgyWcKQ==",
        "dependencies": {
          "Avalonia": "11.1.0",
          "Avalonia.Remote.Protocol": "11.1.0"
        }
      },
      "Avalonia.FreeDesktop": {
        "type": "Transitive",
        "resolved": "11.2.3",
        "contentHash": "BOivcAE3yYFKyYg5CztnTeIFX7ZHNaFiMrQ9WO4MgKyMwbPdH6jy6Mpfu+LY5FiYpleZdmXLJXZzzPon52DUVg==",
        "dependencies": {
          "Avalonia": "11.2.3",
          "Tmds.DBus.Protocol": "0.20.0"
        }
      },
      "Avalonia.Native": {
        "type": "Transitive",
        "resolved": "11.2.3",
        "contentHash": "yW9IGfa7kBuEcYP4ni7nGYNI2HjqaBg+cPJXZeiXf8RFptmluMv75hMyyq8FYIZwVcZIEcwEgff81a7b4aNTVQ==",
        "dependencies": {
          "Avalonia": "11.2.3"
        }
      },
      "Avalonia.Remote.Protocol": {
        "type": "Transitive",
        "resolved": "11.2.3",
        "contentHash": "6V0aNtld48WmO8tAlWwlRlUmXYcOWv+1eJUSl1ETF+1blUe5yhcSmuWarPprO0hDk8Ta6wGfdfcrnVl2gITYcA=="
      },
      "Avalonia.Skia": {
        "type": "Transitive",
        "resolved": "11.2.3",
        "contentHash": "jpzqkkmhzz6DSUy5dIw5T43MoHCdb05pmTvnsmHrbipA8mafI8RrO7tVnv1+ilFNV4516G9/kOpXjTLKjnnYrA==",
        "dependencies": {
          "Avalonia": "11.2.3",
          "HarfBuzzSharp": "7.3.0.3",
          "HarfBuzzSharp.NativeAssets.Linux": "7.3.0.3",
          "HarfBuzzSharp.NativeAssets.WebAssembly": "7.3.0.3",
          "SkiaSharp": "2.88.9",
          "SkiaSharp.NativeAssets.Linux": "2.88.9",
          "SkiaSharp.NativeAssets.WebAssembly": "2.88.9"
        }
      },
      "Avalonia.Win32": {
        "type": "Transitive",
        "resolved": "11.2.3",
        "contentHash": "VwdaOHvIowTSM2umeXOFIoUx4UydCXkXracwLQZaMlsWXCTJ+WwtlAIv0ZBCwQccAK+WELrdRXucvWWN8+sJCQ==",
        "dependencies": {
          "Avalonia": "11.2.3",
          "Avalonia.Angle.Windows.Natives": "2.1.22045.20230930"
        }
      },
      "Avalonia.X11": {
        "type": "Transitive",
        "resolved": "11.2.3",
        "contentHash": "0mr3zu5NEv2cTLsANyc3w51ctiLTWQia6TrlDdWCjfMx2k0VtCzgGBieByPgUl4iNWEDzgBEKek1EwJcGdJ+7g==",
        "dependencies": {
          "Avalonia": "11.2.3",
          "Avalonia.FreeDesktop": "11.2.3",
          "Avalonia.Skia": "11.2.3"
        }
      },
      "HarfBuzzSharp": {
        "type": "Transitive",
        "resolved": "7.3.0.3",
        "contentHash": "Hq+5+gx10coOvuRgB13KBwiWxJq1QeYuhtVLbA01ZCWaugOnolUahF44KvrQTUUHDNk/C7HB6SMaebsZeOdhgg==",
        "dependencies": {
          "HarfBuzzSharp.NativeAssets.Win32": "7.3.0.3",
          "HarfBuzzSharp.NativeAssets.macOS": "7.3.0.3"
        }
      },
      "HarfBuzzSharp.NativeAssets.Linux": {
        "type": "Transitive",
        "resolved": "7.3.0.3",
        "contentHash": "hkcHeTfOyIeJuPtO/QfoqkDvV/MXebZYaA/Bn/S+nXsjH3Wt9oQ6okH2kklYO+1UUdBSJFd67bi9IrpQXI2mPw==",
        "dependencies": {
          "HarfBuzzSharp": "7.3.0.3"
        }
      },
      "HarfBuzzSharp.NativeAssets.macOS": {
        "type": "Transitive",
        "resolved": "7.3.0.3",
        "contentHash": "UAwIYnkbBTzBJv1Id8FijY/i8QiIepRemSXufU8fyzwWhYJdx4+ajG8yQUie5HW/uusbVLFSr26muSlJOFDgSw=="
      },
      "HarfBuzzSharp.NativeAssets.WebAssembly": {
        "type": "Transitive",
        "resolved": "7.3.0.3",
        "contentHash": "OpheDNp9a3nC6hWNACemWkNEXJ4tWP3Gw9bykw3FbyeEmU2nUDtLIp6VgNnjHAPRMgUs1Kl7m4gJpzVYwC7CZw=="
      },
      "HarfBuzzSharp.NativeAssets.Win32": {
        "type": "Transitive",
        "resolved": "7.3.0.3",
        "contentHash": "RPxRXD16KtSs8Yxr2RK9Qs7AwyN9MlpqZIYs0AvfaJwl7RAtVhC0+u2f2SKwX0uMYYd3O98Z+OBA1sj6aWVKQA=="
      },
      "Humanizer.Core": {
        "type": "Transitive",
        "resolved": "2.14.1",
        "contentHash": "lQKvtaTDOXnoVJ20ibTuSIOf2i0uO0MPbDhd1jm238I+U/2ZnRENj0cktKZhtchBMtCUSRQ5v4xBCUbKNmyVMw=="
      },
      "Humanizer.Core.af": {
        "type": "Transitive",
        "resolved": "2.14.1",
        "contentHash": "BoQHyu5le+xxKOw+/AUM7CLXneM/Bh3++0qh1u0+D95n6f9eGt9kNc8LcAHLIOwId7Sd5hiAaaav0Nimj3peNw==",
        "dependencies": {
          "Humanizer.Core": "[2.14.1]"
        }
      },
      "Humanizer.Core.ar": {
        "type": "Transitive",
        "resolved": "2.14.1",
        "contentHash": "3d1V10LDtmqg5bZjWkA/EkmGFeSfNBcyCH+TiHcHP+HGQQmRq3eBaLcLnOJbVQVn3Z6Ak8GOte4RX4kVCxQlFA==",
        "dependencies": {
          "Humanizer.Core": "[2.14.1]"
        }
      },
      "Humanizer.Core.az": {
        "type": "Transitive",
        "resolved": "2.14.1",
        "contentHash": "8Z/tp9PdHr/K2Stve2Qs/7uqWPWLUK9D8sOZDNzyv42e20bSoJkHFn7SFoxhmaoVLJwku2jp6P7HuwrfkrP18Q==",
        "dependencies": {
          "Humanizer.Core": "[2.14.1]"
        }
      },
      "Humanizer.Core.bg": {
        "type": "Transitive",
        "resolved": "2.14.1",
        "contentHash": "S+hIEHicrOcbV2TBtyoPp1AVIGsBzlarOGThhQYCnP6QzEYo/5imtok6LMmhZeTnBFoKhM8yJqRfvJ5yqVQKSQ==",
        "dependencies": {
          "Humanizer.Core": "[2.14.1]"
        }
      },
      "Humanizer.Core.bn-BD": {
        "type": "Transitive",
        "resolved": "2.14.1",
        "contentHash": "U3bfj90tnUDRKlL1ZFlzhCHoVgpTcqUlTQxjvGCaFKb+734TTu3nkHUWVZltA1E/swTvimo/aXLtkxnLFrc0EQ==",
        "dependencies": {
          "Humanizer.Core": "[2.14.1]"
        }
      },
      "Humanizer.Core.cs": {
        "type": "Transitive",
        "resolved": "2.14.1",
        "contentHash": "jWrQkiCTy3L2u1T86cFkgijX6k7hoB0pdcFMWYaSZnm6rvG/XJE40tfhYyKhYYgIc1x9P2GO5AC7xXvFnFdqMQ==",
        "dependencies": {
          "Humanizer.Core": "[2.14.1]"
        }
      },
      "Humanizer.Core.da": {
        "type": "Transitive",
        "resolved": "2.14.1",
        "contentHash": "5o0rJyE/2wWUUphC79rgYDnif/21MKTTx9LIzRVz9cjCIVFrJ2bDyR2gapvI9D6fjoyvD1NAfkN18SHBsO8S9g==",
        "dependencies": {
          "Humanizer.Core": "[2.14.1]"
        }
      },
      "Humanizer.Core.de": {
        "type": "Transitive",
        "resolved": "2.14.1",
        "contentHash": "9JD/p+rqjb8f5RdZ3aEJqbjMYkbk4VFii2QDnnOdNo6ywEfg/A5YeOQ55CaBJmy7KvV4tOK4+qHJnX/tg3Z54A==",
        "dependencies": {
          "Humanizer.Core": "[2.14.1]"
        }
      },
      "Humanizer.Core.el": {
        "type": "Transitive",
        "resolved": "2.14.1",
        "contentHash": "Xmv6sTL5mqjOWGGpqY7bvbfK5RngaUHSa8fYDGSLyxY9mGdNbDcasnRnMOvi0SxJS9gAqBCn21Xi90n2SHZbFA==",
        "dependencies": {
          "Humanizer.Core": "[2.14.1]"
        }
      },
      "Humanizer.Core.es": {
        "type": "Transitive",
        "resolved": "2.14.1",
        "contentHash": "e//OIAeMB7pjBV1HqqI4pM2Bcw3Jwgpyz9G5Fi4c+RJvhqFwztoWxW57PzTnNJE2lbhGGLQZihFZjsbTUsbczA==",
        "dependencies": {
          "Humanizer.Core": "[2.14.1]"
        }
      },
      "Humanizer.Core.fa": {
        "type": "Transitive",
        "resolved": "2.14.1",
        "contentHash": "nzDOj1x0NgjXMjsQxrET21t1FbdoRYujzbmZoR8u8ou5CBWY1UNca0j6n/PEJR/iUbt4IxstpszRy41wL/BrpA==",
        "dependencies": {
          "Humanizer.Core": "[2.14.1]"
        }
      },
      "Humanizer.Core.fi-FI": {
        "type": "Transitive",
        "resolved": "2.14.1",
        "contentHash": "Vnxxx4LUhp3AzowYi6lZLAA9Lh8UqkdwRh4IE2qDXiVpbo08rSbokATaEzFS+o+/jCNZBmoyyyph3vgmcSzhhQ==",
        "dependencies": {
          "Humanizer.Core": "[2.14.1]"
        }
      },
      "Humanizer.Core.fr": {
        "type": "Transitive",
        "resolved": "2.14.1",
        "contentHash": "2p4g0BYNzFS3u9SOIDByp2VClYKO0K1ecDV4BkB9EYdEPWfFODYnF+8CH8LpUrpxL2TuWo2fiFx/4Jcmrnkbpg==",
        "dependencies": {
          "Humanizer.Core": "[2.14.1]"
        }
      },
      "Humanizer.Core.fr-BE": {
        "type": "Transitive",
        "resolved": "2.14.1",
        "contentHash": "o6R3SerxCRn5Ij8nCihDNMGXlaJ/1AqefteAssgmU2qXYlSAGdhxmnrQAXZUDlE4YWt/XQ6VkNLtH7oMqsSPFQ==",
        "dependencies": {
          "Humanizer.Core": "[2.14.1]"
        }
      },
      "Humanizer.Core.he": {
        "type": "Transitive",
        "resolved": "2.14.1",
        "contentHash": "FPsAhy7Iw6hb+ZitLgYC26xNcgGAHXb0V823yFAzcyoL5ozM+DCJtYfDPYiOpsJhEZmKFTM9No0jUn1M89WGvg==",
        "dependencies": {
          "Humanizer.Core": "[2.14.1]"
        }
      },
      "Humanizer.Core.hr": {
        "type": "Transitive",
        "resolved": "2.14.1",
        "contentHash": "chnaD89yOlST142AMkAKLuzRcV5df3yyhDyRU5rypDiqrq2HN8y1UR3h1IicEAEtXLoOEQyjSAkAQ6QuXkn7aw==",
        "dependencies": {
          "Humanizer.Core": "[2.14.1]"
        }
      },
      "Humanizer.Core.hu": {
        "type": "Transitive",
        "resolved": "2.14.1",
        "contentHash": "hAfnaoF9LTGU/CmFdbnvugN4tIs8ppevVMe3e5bD24+tuKsggMc5hYta9aiydI8JH9JnuVmxvNI4DJee1tK05A==",
        "dependencies": {
          "Humanizer.Core": "[2.14.1]"
        }
      },
      "Humanizer.Core.hy": {
        "type": "Transitive",
        "resolved": "2.14.1",
        "contentHash": "sVIKxOiSBUb4gStRHo9XwwAg9w7TNvAXbjy176gyTtaTiZkcjr9aCPziUlYAF07oNz6SdwdC2mwJBGgvZ0Sl2g==",
        "dependencies": {
          "Humanizer.Core": "[2.14.1]"
        }
      },
      "Humanizer.Core.id": {
        "type": "Transitive",
        "resolved": "2.14.1",
        "contentHash": "4Zl3GTvk3a49Ia/WDNQ97eCupjjQRs2iCIZEQdmkiqyaLWttfb+cYXDMGthP42nufUL0SRsvBctN67oSpnXtsg==",
        "dependencies": {
          "Humanizer.Core": "[2.14.1]"
        }
      },
      "Humanizer.Core.is": {
        "type": "Transitive",
        "resolved": "2.14.1",
        "contentHash": "R67A9j/nNgcWzU7gZy1AJ07ABSLvogRbqOWvfRDn4q6hNdbg/mjGjZBp4qCTPnB2mHQQTCKo3oeCUayBCNIBCw==",
        "dependencies": {
          "Humanizer.Core": "[2.14.1]"
        }
      },
      "Humanizer.Core.it": {
        "type": "Transitive",
        "resolved": "2.14.1",
        "contentHash": "jYxGeN4XIKHVND02FZ+Woir3CUTyBhLsqxu9iqR/9BISArkMf1Px6i5pRZnvq4fc5Zn1qw71GKKoCaHDJBsLFw==",
        "dependencies": {
          "Humanizer.Core": "[2.14.1]"
        }
      },
      "Humanizer.Core.ja": {
        "type": "Transitive",
        "resolved": "2.14.1",
        "contentHash": "TM3ablFNoYx4cYJybmRgpDioHpiKSD7q0QtMrmpsqwtiiEsdW5zz/q4PolwAczFnvrKpN6nBXdjnPPKVet93ng==",
        "dependencies": {
          "Humanizer.Core": "[2.14.1]"
        }
      },
      "Humanizer.Core.ko-KR": {
        "type": "Transitive",
        "resolved": "2.14.1",
        "contentHash": "CtvwvK941k/U0r8PGdEuBEMdW6jv/rBiA9tUhakC7Zd2rA/HCnDcbr1DiNZ+/tRshnhzxy/qwmpY8h4qcAYCtQ==",
        "dependencies": {
          "Humanizer.Core": "[2.14.1]"
        }
      },
      "Humanizer.Core.ku": {
        "type": "Transitive",
        "resolved": "2.14.1",
        "contentHash": "vHmzXcVMe+LNrF9txpdHzpG7XJX65SiN9GQd/Zkt6gsGIIEeECHrkwCN5Jnlkddw2M/b0HS4SNxdR1GrSn7uCA==",
        "dependencies": {
          "Humanizer.Core": "[2.14.1]"
        }
      },
      "Humanizer.Core.lv": {
        "type": "Transitive",
        "resolved": "2.14.1",
        "contentHash": "E1/KUVnYBS1bdOTMNDD7LV/jdoZv/fbWTLPtvwdMtSdqLyRTllv6PGM9xVQoFDYlpvVGtEl/09glCojPHw8ffA==",
        "dependencies": {
          "Humanizer.Core": "[2.14.1]"
        }
      },
      "Humanizer.Core.ms-MY": {
        "type": "Transitive",
        "resolved": "2.14.1",
        "contentHash": "vX8oq9HnYmAF7bek4aGgGFJficHDRTLgp/EOiPv9mBZq0i4SA96qVMYSjJ2YTaxs7Eljqit7pfpE2nmBhY5Fnw==",
        "dependencies": {
          "Humanizer.Core": "[2.14.1]"
        }
      },
      "Humanizer.Core.mt": {
        "type": "Transitive",
        "resolved": "2.14.1",
        "contentHash": "pEgTBzUI9hzemF7xrIZigl44LidTUhNu4x/P6M9sAwZjkUF0mMkbpxKkaasOql7lLafKrnszs0xFfaxQyzeuZQ==",
        "dependencies": {
          "Humanizer.Core": "[2.14.1]"
        }
      },
      "Humanizer.Core.nb": {
        "type": "Transitive",
        "resolved": "2.14.1",
        "contentHash": "mbs3m6JJq53ssLqVPxNfqSdTxAcZN3njlG8yhJVx83XVedpTe1ECK9aCa8FKVOXv93Gl+yRHF82Hw9T9LWv2hw==",
        "dependencies": {
          "Humanizer.Core": "[2.14.1]"
        }
      },
      "Humanizer.Core.nb-NO": {
        "type": "Transitive",
        "resolved": "2.14.1",
        "contentHash": "AsJxrrVYmIMbKDGe8W6Z6//wKv9dhWH7RsTcEHSr4tQt/80pcNvLi0hgD3fqfTtg0tWKtgch2cLf4prorEV+5A==",
        "dependencies": {
          "Humanizer.Core": "[2.14.1]"
        }
      },
      "Humanizer.Core.nl": {
        "type": "Transitive",
        "resolved": "2.14.1",
        "contentHash": "24b0OUdzJxfoqiHPCtYnR5Y4l/s4Oh7KW7uDp+qX25NMAHLCGog2eRfA7p2kRJp8LvnynwwQxm2p534V9m55wQ==",
        "dependencies": {
          "Humanizer.Core": "[2.14.1]"
        }
      },
      "Humanizer.Core.pl": {
        "type": "Transitive",
        "resolved": "2.14.1",
        "contentHash": "17mJNYaBssENVZyQHduiq+bvdXS0nhZJGEXtPKoMhKv3GD//WO0mEfd9wjEBsWCSmWI7bjRqhCidxzN+YtJmsg==",
        "dependencies": {
          "Humanizer.Core": "[2.14.1]"
        }
      },
      "Humanizer.Core.pt": {
        "type": "Transitive",
        "resolved": "2.14.1",
        "contentHash": "8HB8qavcVp2la1GJX6t+G9nDYtylPKzyhxr9LAooIei9MnQvNsjEiIE4QvHoeDZ4weuQ9CsPg1c211XUMVEZ4A==",
        "dependencies": {
          "Humanizer.Core": "[2.14.1]"
        }
      },
      "Humanizer.Core.ro": {
        "type": "Transitive",
        "resolved": "2.14.1",
        "contentHash": "psXNOcA6R8fSHoQYhpBTtTTYiOk8OBoN3PKCEDgsJKIyeY5xuK81IBdGi77qGZMu/OwBRQjQCBMtPJb0f4O1+A==",
        "dependencies": {
          "Humanizer.Core": "[2.14.1]"
        }
      },
      "Humanizer.Core.ru": {
        "type": "Transitive",
        "resolved": "2.14.1",
        "contentHash": "zm245xUWrajSN2t9H7BTf84/2APbUkKlUJpcdgsvTdAysr1ag9fi1APu6JEok39RRBXDfNRVZHawQ/U8X0pSvQ==",
        "dependencies": {
          "Humanizer.Core": "[2.14.1]"
        }
      },
      "Humanizer.Core.sk": {
        "type": "Transitive",
        "resolved": "2.14.1",
        "contentHash": "Ncw24Vf3ioRnbU4MsMFHafkyYi8JOnTqvK741GftlQvAbULBoTz2+e7JByOaasqeSi0KfTXeegJO+5Wk1c0Mbw==",
        "dependencies": {
          "Humanizer.Core": "[2.14.1]"
        }
      },
      "Humanizer.Core.sl": {
        "type": "Transitive",
        "resolved": "2.14.1",
        "contentHash": "l8sUy4ciAIbVThWNL0atzTS2HWtv8qJrsGWNlqrEKmPwA4SdKolSqnTes9V89fyZTc2Q43jK8fgzVE2C7t009A==",
        "dependencies": {
          "Humanizer.Core": "[2.14.1]"
        }
      },
      "Humanizer.Core.sr": {
        "type": "Transitive",
        "resolved": "2.14.1",
        "contentHash": "rnNvhpkOrWEymy7R/MiFv7uef8YO5HuXDyvojZ7JpijHWA5dXuVXooCOiA/3E93fYa3pxDuG2OQe4M/olXbQ7w==",
        "dependencies": {
          "Humanizer.Core": "[2.14.1]"
        }
      },
      "Humanizer.Core.sr-Latn": {
        "type": "Transitive",
        "resolved": "2.14.1",
        "contentHash": "nuy/ykpk974F8ItoQMS00kJPr2dFNjOSjgzCwfysbu7+gjqHmbLcYs7G4kshLwdA4AsVncxp99LYeJgoh1JF5g==",
        "dependencies": {
          "Humanizer.Core": "[2.14.1]"
        }
      },
      "Humanizer.Core.sv": {
        "type": "Transitive",
        "resolved": "2.14.1",
        "contentHash": "E53+tpAG0RCp+cSSI7TfBPC+NnsEqUuoSV0sU+rWRXWr9MbRWx1+Zj02XMojqjGzHjjOrBFBBio6m74seFl0AA==",
        "dependencies": {
          "Humanizer.Core": "[2.14.1]"
        }
      },
      "Humanizer.Core.th-TH": {
        "type": "Transitive",
        "resolved": "2.14.1",
        "contentHash": "eSevlJtvs1r4vQarNPfZ2kKDp/xMhuD00tVVzRXkSh1IAZbBJI/x2ydxUOwfK9bEwEp+YjvL1Djx2+kw7ziu7g==",
        "dependencies": {
          "Humanizer.Core": "[2.14.1]"
        }
      },
      "Humanizer.Core.tr": {
        "type": "Transitive",
        "resolved": "2.14.1",
        "contentHash": "rQ8N+o7yFcFqdbtu1mmbrXFi8TQ+uy+fVH9OPI0CI3Cu1om5hUU/GOMC3hXsTCI6d79y4XX+0HbnD7FT5khegA==",
        "dependencies": {
          "Humanizer.Core": "[2.14.1]"
        }
      },
      "Humanizer.Core.uk": {
        "type": "Transitive",
        "resolved": "2.14.1",
        "contentHash": "2uEfujwXKNm6bdpukaLtEJD+04uUtQD65nSGCetA1fYNizItEaIBUboNfr3GzJxSMQotNwGVM3+nSn8jTd0VSg==",
        "dependencies": {
          "Humanizer.Core": "[2.14.1]"
        }
      },
      "Humanizer.Core.uz-Cyrl-UZ": {
        "type": "Transitive",
        "resolved": "2.14.1",
        "contentHash": "TD3ME2sprAvFqk9tkWrvSKx5XxEMlAn1sjk+cYClSWZlIMhQQ2Bp/w0VjX1Kc5oeKjxRAnR7vFcLUFLiZIDk9Q==",
        "dependencies": {
          "Humanizer.Core": "[2.14.1]"
        }
      },
      "Humanizer.Core.uz-Latn-UZ": {
        "type": "Transitive",
        "resolved": "2.14.1",
        "contentHash": "/kHAoF4g0GahnugZiEMpaHlxb+W6jCEbWIdsq9/I1k48ULOsl/J0pxZj93lXC3omGzVF1BTVIeAtv5fW06Phsg==",
        "dependencies": {
          "Humanizer.Core": "[2.14.1]"
        }
      },
      "Humanizer.Core.vi": {
        "type": "Transitive",
        "resolved": "2.14.1",
        "contentHash": "rsQNh9rmHMBtnsUUlJbShMsIMGflZtPmrMM6JNDw20nhsvqfrdcoDD8cMnLAbuSovtc3dP+swRmLQzKmXDTVPA==",
        "dependencies": {
          "Humanizer.Core": "[2.14.1]"
        }
      },
      "Humanizer.Core.zh-CN": {
        "type": "Transitive",
        "resolved": "2.14.1",
        "contentHash": "uH2dWhrgugkCjDmduLdAFO9w1Mo0q07EuvM0QiIZCVm6FMCu/lGv2fpMu4GX+4HLZ6h5T2Pg9FIdDLCPN2a67w==",
        "dependencies": {
          "Humanizer.Core": "[2.14.1]"
        }
      },
      "Humanizer.Core.zh-Hans": {
        "type": "Transitive",
        "resolved": "2.14.1",
        "contentHash": "WH6IhJ8V1UBG7rZXQk3dZUoP2gsi8a0WkL8xL0sN6WGiv695s8nVcmab9tWz20ySQbuzp0UkSxUQFi5jJHIpOQ==",
        "dependencies": {
          "Humanizer.Core": "[2.14.1]"
        }
      },
      "Humanizer.Core.zh-Hant": {
        "type": "Transitive",
        "resolved": "2.14.1",
        "contentHash": "VIXB7HCUC34OoaGnO3HJVtSv2/wljPhjV7eKH4+TFPgQdJj2lvHNKY41Dtg0Bphu7X5UaXFR4zrYYyo+GNOjbA==",
        "dependencies": {
          "Humanizer.Core": "[2.14.1]"
        }
      },
      "MicroCom.Runtime": {
        "type": "Transitive",
        "resolved": "0.11.0",
        "contentHash": "MEnrZ3UIiH40hjzMDsxrTyi8dtqB5ziv3iBeeU4bXsL/7NLSal9F1lZKpK+tfBRnUoDSdtcW3KufE4yhATOMCA=="
      },
      "Microsoft.Extensions.Configuration": {
        "type": "Transitive",
        "resolved": "9.0.0",
        "contentHash": "YIMO9T3JL8MeEXgVozKt2v79hquo/EFtnY0vgxmLnUvk1Rei/halI7kOWZL2RBeV9FMGzgM9LZA8CVaNwFMaNA==",
        "dependencies": {
          "Microsoft.Extensions.Configuration.Abstractions": "9.0.0",
          "Microsoft.Extensions.Primitives": "9.0.0"
        }
      },
      "Microsoft.Extensions.Configuration.Abstractions": {
        "type": "Transitive",
        "resolved": "9.0.0",
        "contentHash": "lqvd7W3FGKUO1+ZoUEMaZ5XDJeWvjpy2/M/ptCGz3tXLD4HWVaSzjufsAsjemasBEg+2SxXVtYVvGt5r2nKDlg==",
        "dependencies": {
          "Microsoft.Extensions.Primitives": "9.0.0"
        }
      },
      "Microsoft.Extensions.Configuration.Binder": {
        "type": "Transitive",
        "resolved": "9.0.0",
        "contentHash": "RiScL99DcyngY9zJA2ROrri7Br8tn5N4hP4YNvGdTN/bvg1A3dwvDOxHnNZ3Im7x2SJ5i4LkX1uPiR/MfSFBLQ==",
        "dependencies": {
          "Microsoft.Extensions.Configuration.Abstractions": "9.0.0"
        }
      },
      "Microsoft.Extensions.DependencyInjection.Abstractions": {
        "type": "Transitive",
        "resolved": "9.0.0",
        "contentHash": "+6f2qv2a3dLwd5w6JanPIPs47CxRbnk+ZocMJUhv9NxP88VlOcJYZs9jY+MYSjxvady08bUZn6qgiNh7DadGgg=="
      },
      "Microsoft.Extensions.Logging.Abstractions": {
        "type": "Transitive",
        "resolved": "9.0.0",
        "contentHash": "g0UfujELzlLbHoVG8kPKVBaW470Ewi+jnptGS9KUi6jcb+k2StujtK3m26DFSGGwQ/+bVgZfsWqNzlP6YOejvw==",
        "dependencies": {
          "Microsoft.Extensions.DependencyInjection.Abstractions": "9.0.0"
        }
      },
      "Microsoft.Extensions.Logging.Configuration": {
        "type": "Transitive",
        "resolved": "9.0.0",
        "contentHash": "H05HiqaNmg6GjH34ocYE9Wm1twm3Oz2aXZko8GTwGBzM7op2brpAA8pJ5yyD1OpS1mXUtModBYOlcZ/wXeWsSg==",
        "dependencies": {
          "Microsoft.Extensions.Configuration": "9.0.0",
          "Microsoft.Extensions.Configuration.Abstractions": "9.0.0",
          "Microsoft.Extensions.Configuration.Binder": "9.0.0",
          "Microsoft.Extensions.DependencyInjection.Abstractions": "9.0.0",
          "Microsoft.Extensions.Logging": "9.0.0",
          "Microsoft.Extensions.Logging.Abstractions": "9.0.0",
          "Microsoft.Extensions.Options": "9.0.0",
          "Microsoft.Extensions.Options.ConfigurationExtensions": "9.0.0"
        }
      },
      "Microsoft.Extensions.Options": {
        "type": "Transitive",
        "resolved": "9.0.0",
        "contentHash": "y2146b3jrPI3Q0lokKXdKLpmXqakYbDIPDV6r3M8SqvSf45WwOTzkyfDpxnZXJsJQEpAsAqjUq5Pu8RCJMjubg==",
        "dependencies": {
          "Microsoft.Extensions.DependencyInjection.Abstractions": "9.0.0",
          "Microsoft.Extensions.Primitives": "9.0.0"
        }
      },
      "Microsoft.Extensions.Options.ConfigurationExtensions": {
        "type": "Transitive",
        "resolved": "9.0.0",
        "contentHash": "Ob3FXsXkcSMQmGZi7qP07EQ39kZpSBlTcAZLbJLdI4FIf0Jug8biv2HTavWmnTirchctPlq9bl/26CXtQRguzA==",
        "dependencies": {
          "Microsoft.Extensions.Configuration.Abstractions": "9.0.0",
          "Microsoft.Extensions.Configuration.Binder": "9.0.0",
          "Microsoft.Extensions.DependencyInjection.Abstractions": "9.0.0",
          "Microsoft.Extensions.Options": "9.0.0",
          "Microsoft.Extensions.Primitives": "9.0.0"
        }
      },
      "Microsoft.Extensions.Primitives": {
        "type": "Transitive",
        "resolved": "9.0.0",
        "contentHash": "N3qEBzmLMYiASUlKxxFIISP4AiwuPTHF5uCh+2CWSwwzAJiIYx0kBJsS30cp1nvhSySFAVi30jecD307jV+8Kg=="
      },
      "Newtonsoft.Json": {
        "type": "Transitive",
        "resolved": "13.0.1",
        "contentHash": "ppPFpBcvxdsfUonNcvITKqLl3bqxWbDCZIzDWHzjpdAHRFfZe0Dw9HmA0+za13IdyrgJwpkDTDA9fHaxOrt20A=="
      },
      "SkiaSharp": {
        "type": "Transitive",
        "resolved": "2.88.9",
        "contentHash": "3MD5VHjXXieSHCleRLuaTXmL2pD0mB7CcOB1x2kA1I4bhptf4e3R27iM93264ZYuAq6mkUyX5XbcxnZvMJYc1Q==",
        "dependencies": {
          "SkiaSharp.NativeAssets.Win32": "2.88.9",
          "SkiaSharp.NativeAssets.macOS": "2.88.9"
        }
      },
      "SkiaSharp.NativeAssets.Linux": {
        "type": "Transitive",
        "resolved": "2.88.9",
        "contentHash": "cWSaJKVPWAaT/WIn9c8T5uT/l4ETwHxNJTkEOtNKjphNo8AW6TF9O32aRkxqw3l8GUdUo66Bu7EiqtFh/XG0Zg==",
        "dependencies": {
          "SkiaSharp": "2.88.9"
        }
      },
      "SkiaSharp.NativeAssets.macOS": {
        "type": "Transitive",
        "resolved": "2.88.9",
        "contentHash": "Nv5spmKc4505Ep7oUoJ5vp3KweFpeNqxpyGDWyeEPTX2uR6S6syXIm3gj75dM0YJz7NPvcix48mR5laqs8dPuA=="
      },
      "SkiaSharp.NativeAssets.WebAssembly": {
        "type": "Transitive",
        "resolved": "2.88.9",
        "contentHash": "kt06RccBHSnAs2wDYdBSfsjIDbY3EpsOVqnlDgKdgvyuRA8ZFDaHRdWNx1VHjGgYzmnFCGiTJBnXFl5BqGwGnA=="
      },
      "SkiaSharp.NativeAssets.Win32": {
        "type": "Transitive",
        "resolved": "2.88.9",
        "contentHash": "wb2kYgU7iy84nQLYZwMeJXixvK++GoIuECjU4ECaUKNuflyRlJKyiRhN1MAHswvlvzuvkrjRWlK0Za6+kYQK7w=="
      },
      "System.IO.Pipelines": {
        "type": "Transitive",
        "resolved": "8.0.0",
        "contentHash": "FHNOatmUq0sqJOkTx+UF/9YK1f180cnW5FVqnQMvYUN0elp6wFzbtPSiqbo1/ru8ICp43JM1i7kKkk6GsNGHlA=="
      },
      "System.Reactive": {
        "type": "Transitive",
        "resolved": "5.0.0",
        "contentHash": "erBZjkQHWL9jpasCE/0qKAryzVBJFxGHVBAvgRN1bzM0q2s1S4oYREEEL0Vb+1kA/6BKb5FjUZMp5VXmy+gzkQ=="
      },
      "System.Text.Encodings.Web": {
        "type": "Transitive",
        "resolved": "8.0.0",
        "contentHash": "yev/k9GHAEGx2Rg3/tU6MQh4HGBXJs70y7j1LaM1i/ER9po+6nnQ6RRqTJn1E7Xu0fbIFK80Nh5EoODxrbxwBQ=="
      },
      "System.Text.Json": {
        "type": "Transitive",
        "resolved": "8.0.4",
        "contentHash": "bAkhgDJ88XTsqczoxEMliSrpijKZHhbJQldhAmObj/RbrN3sU5dcokuXmWJWsdQAhiMJ9bTayWsL1C9fbbCRhw==",
        "dependencies": {
          "System.Text.Encodings.Web": "8.0.0"
        }
      },
      "System.Threading.Channels": {
        "type": "Transitive",
        "resolved": "9.0.0",
        "contentHash": "hzACdIf1C+4Dqos5ijV404b94+LqfIC8nfS3mNpCDFWowb1N3PNfJPopneq32ahWlDeyaPZJqjBk76YFR69Rpg=="
      },
      "TextMateSharp": {
        "type": "Transitive",
        "resolved": "1.0.59",
        "contentHash": "ODHnoARRFAnlqWiBw5Ya0gz04BCYAjQndGVjWhvW+fCz2Pv2bcFw60MBJ4ivdMGpFJlvdJWElwRTN/uXDYrqxQ==",
        "dependencies": {
          "System.Text.Json": "8.0.4"
        }
      },
      "TextMateSharp.Grammars": {
        "type": "Transitive",
        "resolved": "1.0.59",
        "contentHash": "9BrfG9SzoyoUJLqB41/o08G3/uNRNcC2RzjT7fBWPEIaMarmNFyLwZh6cwzqfSrmpHDzTXbq729ipoZCkLRuAw==",
        "dependencies": {
          "System.Text.Json": "8.0.4",
          "TextMateSharp": "1.0.59"
        }
      },
      "Tmds.DBus.Protocol": {
        "type": "Transitive",
        "resolved": "0.20.0",
        "contentHash": "2gkt2kuYPhDKd8gtl34jZSJOnn4nRJfFngCDcTZT/uySbK++ua0YQx2418l9Rn1Y4dE5XNq6zG9ZsE5ltLlNNw==",
        "dependencies": {
          "System.IO.Pipelines": "8.0.0"
        }
      },
      "ZstdSharp.Port": {
        "type": "Transitive",
        "resolved": "0.8.4",
        "contentHash": "eieSXq3kakCUXbgdxkKaRqWS6hF0KBJcqok9LlDCs60GOyrynLvPOcQ0pRw7shdPF7lh/VepJ9cP9n9HHc759g=="
      },
      "starbreaker.common": {
        "type": "Project"
      },
      "starbreaker.cryxmlb": {
        "type": "Project",
        "dependencies": {
          "StarBreaker.Common": "[1.0.0, )"
        }
      },
      "starbreaker.datacore": {
        "type": "Project",
        "dependencies": {
          "StarBreaker.Common": "[1.0.0, )"
        }
      },
      "starbreaker.filesystem": {
        "type": "Project"
      },
      "starbreaker.p4k": {
        "type": "Project",
        "dependencies": {
          "StarBreaker.Common": "[1.0.0, )",
          "StarBreaker.CryXmlB": "[1.0.0, )",
          "StarBreaker.FileSystem": "[1.0.0, )",
          "System.Threading.Channels": "[9.0.0, )",
          "ZstdSharp.Port": "[0.8.4, )"
        }
      }
    }
  }
}