{
  "version": 1,
  "dependencies": {
    "net9.0": {
      "Microsoft.DotNet.ILCompiler": {
        "type": "Direct",
        "requested": "[9.0.0, )",
        "resolved": "9.0.0",
        "contentHash": "bbnlV2PbUmCQ8Ndpx0kJaicLyV28IU+4IzyctQLL57+DxrHurYr2qsJrC8+yD44Q0DyPfv2oM168c1Tk6Bxbmg=="
      },
      "Microsoft.NET.ILLink.Tasks": {
        "type": "Direct",
        "requested": "[9.0.0, )",
        "resolved": "9.0.0",
        "contentHash": "zAwp213evC3UkimtVXRb+Dlgc/40QG145nmZDtp2LO9zJJMfrp+i/87BnXN7tRXEA4liyzdFkjqG1HE8/RPb4A=="
      },
      "Google.Protobuf": {
        "type": "Transitive",
        "resolved": "3.29.2",
        "contentHash": "98gc5v6WTfvfo6nXXUFyXOwwfehUGVn4tIis3AnCZabur8t6Eq0lo4eloWEYpdxPH9MrhnbAzHcMwPCS8lCWoQ=="
      },
      "Grpc.Core.Api": {
        "type": "Transitive",
        "resolved": "2.67.0",
        "contentHash": "cL1/2f8kc8lsAGNdfCU25deedXVehhLA6GXKLLN4hAWx16XN7BmjYn3gFU+FBpir5yJynvDTHEypr3Tl0j7x/Q=="
      },
      "Grpc.Net.Client": {
        "type": "Transitive",
        "resolved": "2.67.0",
        "contentHash": "ofTjJQfegWkVlk5R4k/LlwpcucpsBzntygd4iAeuKd/eLMkmBWoXN+xcjYJ5IibAahRpIJU461jABZvT6E9dwA==",
        "dependencies": {
          "Grpc.Net.Common": "2.67.0",
          "Microsoft.Extensions.Logging.Abstractions": "6.0.0"
        }
      },
      "Grpc.Net.Common": {
        "type": "Transitive",
        "resolved": "2.67.0",
        "contentHash": "gazn1cD2Eol0/W5ZJRV4PYbNrxJ9oMs8pGYux5S9E4MymClvl7aqYSmpqgmWAUWvziRqK9K+yt3cjCMfQ3x/5A==",
        "dependencies": {
          "Grpc.Core.Api": "2.67.0"
        }
      },
      "Microsoft.Extensions.Logging.Abstractions": {
        "type": "Transitive",
        "resolved": "6.0.0",
        "contentHash": "/HggWBbTwy8TgebGSX5DBZ24ndhzi93sHUBDvP1IxbZD7FDokYzdAr6+vbWGjw2XAfR2EJ1sfKUotpjHnFWPxA=="
      },
      "Pfim": {
        "type": "Transitive",
        "resolved": "0.11.3",
        "contentHash": "UNVStuGHVIGyBlQaLX8VY6KpzZm/pG2zpV8ewNSXNFKFVPn8dLQKJITfps3lwUMzwTL+Do7RrMUvgQ1ZsPTu4w=="
      },
      "SkiaSharp": {
        "type": "Transitive",
        "resolved": "3.116.1",
        "contentHash": "DNDwbRjP+aMo27dV2h/uHCVTcWubWWxHnPLiePNyl24f4Pv43mQ8AQQeseOrKR+J3AOCEs6t0sUjo0aa3j3RWQ==",
        "dependencies": {
          "SkiaSharp.NativeAssets.Win32": "3.116.1",
          "SkiaSharp.NativeAssets.macOS": "3.116.1"
        }
      },
      "SkiaSharp.NativeAssets.macOS": {
        "type": "Transitive",
        "resolved": "3.116.1",
        "contentHash": "3KPvpKysDmEMt0NnAZPX5U6KFk0LmG/72/IjAIJemIksIZ0Tjs9pGpr3L+zboVCv1MLVoJLKl3nJDXUG6Jda6A=="
      },
      "SkiaSharp.NativeAssets.Win32": {
        "type": "Transitive",
        "resolved": "3.116.1",
        "contentHash": "dRQ75MCI8oz6zAs2Y1w6pq6ARs4MhdNG+gf3doOxOxdnueDXffQLGQIxON54GDoxc0WjKOoHMKBR4DhaduwwQw=="
      },
      "System.Threading.Channels": {
        "type": "Transitive",
        "resolved": "9.0.0",
        "contentHash": "hzACdIf1C+4Dqos5ijV404b94+LqfIC8nfS3mNpCDFWowb1N3PNfJPopneq32ahWlDeyaPZJqjBk76YFR69Rpg=="
      },
      "ZstdSharp.Port": {
        "type": "Transitive",
        "resolved": "0.8.4",
        "contentHash": "eieSXq3kakCUXbgdxkKaRqWS6hF0KBJcqok9LlDCs60GOyrynLvPOcQ0pRw7shdPF7lh/VepJ9cP9n9HHc759g=="
      },
      "starbreaker.chf": {
        "type": "Project",
        "dependencies": {
          "StarBreaker.Common": "[1.0.0, )",
          "ZstdSharp.Port": "[0.8.4, )"
        }
      },
      "starbreaker.common": {
        "type": "Project"
      },
      "starbreaker.crychunkfile": {
        "type": "Project",
        "dependencies": {
          "StarBreaker.Common": "[1.0.0, )"
        }
      },
      "starbreaker.cryxmlb": {
        "type": "Project",
        "dependencies": {
          "StarBreaker.Common": "[1.0.0, )"
        }
      },
      "starbreaker.datacore": {
        "type": "Project",
        "dependencies": {
          "StarBreaker.Common": "[1.0.0, )"
        }
      },
      "starbreaker.dds": {
        "type": "Project",
        "dependencies": {
          "Pfim": "[0.11.3, )",
          "SkiaSharp": "[3.116.1, )",
          "StarBreaker.Common": "[1.0.0, )"
        }
      },
      "starbreaker.filesystem": {
        "type": "Project"
      },
      "starbreaker.grpc": {
        "type": "Project",
        "dependencies": {
          "Google.Protobuf": "[3.29.2, )",
          "Grpc.Net.Client": "[2.67.0, )",
          "StarBreaker.Common": "[1.0.0, )"
        }
      },
      "starbreaker.p4k": {
        "type": "Project",
        "dependencies": {
          "StarBreaker.Common": "[1.0.0, )",
          "StarBreaker.CryXmlB": "[1.0.0, )",
          "StarBreaker.FileSystem": "[1.0.0, )",
          "System.Threading.Channels": "[9.0.0, )",
          "ZstdSharp.Port": "[0.8.4, )"
        }
      }
    }
  }
}